
Microsoft Visual Studio Solution File, Format Version 12.00
# Visual Studio Version 17
VisualStudioVersion = 17.1.32319.34
MinimumVisualStudioVersion = 10.0.40219.1
Project("{FAE04EC0-301F-11D3-BF4B-00C04F79EFBC}") = "todo-api", "todo-api\todo-api.csproj", "{6B4B290A-4CA7-473F-AB50-FB62CCF64121}"
EndProject
Global
	GlobalSection(SolutionConfigurationPlatforms) = preSolution
		Debug|Any CPU = Debug|Any CPU
		Release|Any CPU = Release|Any CPU
	EndGlobalSection
	GlobalSection(ProjectConfigurationPlatforms) = postSolution
		{6B4B290A-4CA7-473F-AB50-FB62CCF64121}.Debug|Any CPU.ActiveCfg = Debug|Any CPU
		{6B4B290A-4CA7-473F-AB50-FB62CCF64121}.Debug|Any CPU.Build.0 = Debug|Any CPU
		{6B4B290A-4CA7-473F-AB50-FB62CCF64121}.Release|Any CPU.ActiveCfg = Release|Any CPU
		{6B4B290A-4CA7-473F-AB50-FB62CCF64121}.Release|Any CPU.Build.0 = Release|Any CPU
	EndGlobalSection
	GlobalSection(SolutionProperties) = preSolution
		HideSolutionNode = FALSE
	EndGlobalSection
	GlobalSection(ExtensibilityGlobals) = postSolution
		SolutionGuid = {E3D02D73-EE57-4456-A243-D00A9AEBD76E}
	EndGlobalSection
EndGlobal
